
Microsoft Visual Studio Solution File, Format Version 12.00
# Visual Studio 14
VisualStudioVersion = 14.0.23107.0
MinimumVisualStudioVersion = 10.0.40219.1
Project("{2150E333-8FDC-42A3-9474-1A3956D46DE8}") = "src", "src", "{988E54B1-3C05-4829-BA98-801E9B85DD22}"
EndProject
Project("{2150E333-8FDC-42A3-9474-1A3956D46DE8}") = "Solution Items", "Solution Items", "{075424EB-B57F-4148-8B83-360BB9A47B2A}"
	ProjectSection(SolutionItems) = preProject
		global.json = global.json
	EndProjectSection
EndProject
Project("{8BB2217D-0F2D-49D1-97BC-3654ED321F3B}") = "TheWorld", "src\TheWorld\TheWorld.xproj", "{C47213AB-7DCF-43CC-AAC2-9A7F4AD3481C}"
EndProject
Global
	GlobalSection(SolutionConfigurationPlatforms) = preSolution
		Debug|Any CPU = Debug|Any CPU
		Release|Any CPU = Release|Any CPU
	EndGlobalSection
	GlobalSection(ProjectConfigurationPlatforms) = postSolution
		{C47213AB-7DCF-43CC-AAC2-9A7F4AD3481C}.Debug|Any CPU.ActiveCfg = Debug|Any CPU
		{C47213AB-7DCF-43CC-AAC2-9A7F4AD3481C}.Debug|Any CPU.Build.0 = Debug|Any CPU
		{C47213AB-7DCF-43CC-AAC2-9A7F4AD3481C}.Release|Any CPU.ActiveCfg = Release|Any CPU
		{C47213AB-7DCF-43CC-AAC2-9A7F4AD3481C}.Release|Any CPU.Build.0 = Release|Any CPU
	EndGlobalSection
	GlobalSection(SolutionProperties) = preSolution
		HideSolutionNode = FALSE
	EndGlobalSection
	GlobalSection(NestedProjects) = preSolution
		{C47213AB-7DCF-43CC-AAC2-9A7F4AD3481C} = {988E54B1-3C05-4829-BA98-801E9B85DD22}
	EndGlobalSection
EndGlobal
